
Microsoft Visual Studio Solution File, Format Version 12.00
# Visual Studio Version 17
VisualStudioVersion = 17.2.32630.192
MinimumVisualStudioVersion = 10.0.40219.1
Project("{FAE04EC0-301F-11D3-BF4B-00C04F79EFBC}") = "Part_1", "Part_1\Part_1.csproj", "{104B5872-F964-4D69-9D92-A6AC2DFF9BD6}"
EndProject
Project("{FAE04EC0-301F-11D3-BF4B-00C04F79EFBC}") = "Part_2", "Part_2\Part_2.csproj", "{C2574127-C1F9-4ACE-A5A7-19AB298D2BC6}"
EndProject
Global
	GlobalSection(SolutionConfigurationPlatforms) = preSolution
		Debug|Any CPU = Debug|Any CPU
		Release|Any CPU = Release|Any CPU
	EndGlobalSection
	GlobalSection(ProjectConfigurationPlatforms) = postSolution
		{104B5872-F964-4D69-9D92-A6AC2DFF9BD6}.Debug|Any CPU.ActiveCfg = Debug|Any CPU
		{104B5872-F964-4D69-9D92-A6AC2DFF9BD6}.Debug|Any CPU.Build.0 = Debug|Any CPU
		{104B5872-F964-4D69-9D92-A6AC2DFF9BD6}.Release|Any CPU.ActiveCfg = Release|Any CPU
		{104B5872-F964-4D69-9D92-A6AC2DFF9BD6}.Release|Any CPU.Build.0 = Release|Any CPU
		{C2574127-C1F9-4ACE-A5A7-19AB298D2BC6}.Debug|Any CPU.ActiveCfg = Debug|Any CPU
		{C2574127-C1F9-4ACE-A5A7-19AB298D2BC6}.Debug|Any CPU.Build.0 = Debug|Any CPU
		{C2574127-C1F9-4ACE-A5A7-19AB298D2BC6}.Release|Any CPU.ActiveCfg = Release|Any CPU
		{C2574127-C1F9-4ACE-A5A7-19AB298D2BC6}.Release|Any CPU.Build.0 = Release|Any CPU
	EndGlobalSection
	GlobalSection(SolutionProperties) = preSolution
		HideSolutionNode = FALSE
	EndGlobalSection
	GlobalSection(ExtensibilityGlobals) = postSolution
		SolutionGuid = {00DF2CA7-DA77-492A-BBF3-697D08BCD500}
	EndGlobalSection
EndGlobal
